{
  "version": 4,
  "terraform_version": "0.12.10",
  "serial": 968,
  "lineage": "cd98355e-5ec7-b4cb-6119-878173a92a08",
  "outputs": {},
  "resources": [
    {
      "module": "module.my_ec2",
      "mode": "data",
      "type": "template_file",
      "name": "public_ip",
      "provider": "provider.template",
      "instances": [
        {
          "schema_version": 0,
          "attributes": {
            "filename": null,
            "id": "c5b401dff19e65f6d4c00ef2cf46cafb79ab584a498ce3a86243d3d98eb68776",
            "rendered": "3.83.178.55",
            "template": "${public_ip}",
            "vars": {
              "public_ip": "3.83.178.55"
            }
          },
          "depends_on": [
            "aws_instance.web"
          ]
        }
      ]
    },
    {
      "module": "module.my_ec2",
      "mode": "managed",
      "type": "aws_instance",
      "name": "web",
      "each": "list",
      "provider": "provider.aws",
      "instances": [
        {
          "index_key": 0,
          "schema_version": 1,
          "attributes": {
            "ami": "ami-04b9e92b5572fa0d1",
            "arn": "arn:aws:ec2:us-east-1:447895454160:instance/i-02eaf132c4cebe72c",
            "associate_public_ip_address": true,
            "availability_zone": "us-east-1d",
            "cpu_core_count": 1,
            "cpu_threads_per_core": 1,
            "credit_specification": [
              {
                "cpu_credits": "standard"
              }
            ],
            "disable_api_termination": false,
            "ebs_block_device": [],
            "ebs_optimized": false,
            "ephemeral_block_device": [],
            "get_password_data": false,
            "host_id": null,
            "iam_instance_profile": "",
            "id": "i-02eaf132c4cebe72c",
            "instance_initiated_shutdown_behavior": null,
            "instance_state": "running",
            "instance_type": "t2.micro",
            "ipv6_address_count": 0,
            "ipv6_addresses": [],
            "key_name": "Jenkins",
            "monitoring": false,
            "network_interface": [],
            "network_interface_id": null,
            "password_data": "",
            "placement_group": "",
            "primary_network_interface_id": "eni-051a07b5e658a786d",
            "private_dns": "ip-172-31-89-163.ec2.internal",
            "private_ip": "172.31.89.163",
            "public_dns": "ec2-3-83-178-55.compute-1.amazonaws.com",
            "public_ip": "3.83.178.55",
            "root_block_device": [
              {
                "delete_on_termination": true,
                "encrypted": false,
                "iops": 100,
                "kms_key_id": "",
                "volume_id": "vol-095c8fdb8e6476016",
                "volume_size": 8,
                "volume_type": "gp2"
              }
            ],
            "security_groups": [
              "sgp_2280"
            ],
            "source_dest_check": true,
            "subnet_id": "subnet-36a33518",
            "tags": {
              "Name": "project-1"
            },
            "tenancy": "default",
            "timeouts": null,
            "user_data": null,
            "user_data_base64": null,
            "volume_tags": {},
            "vpc_security_group_ids": [
              "sg-0faba6ca7a1bc70a0"
            ]
          },
          "private": "eyJlMmJmYjczMC1lY2FhLTExZTYtOGY4OC0zNDM2M2JjN2M0YzAiOnsiY3JlYXRlIjo2MDAwMDAwMDAwMDAsImRlbGV0ZSI6MTIwMDAwMDAwMDAwMCwidXBkYXRlIjo2MDAwMDAwMDAwMDB9LCJzY2hlbWFfdmVyc2lvbiI6IjEifQ=="
        }
      ]
    },
    {
      "module": "module.my_vpc",
      "mode": "managed",
      "type": "aws_security_group",
      "name": "sgp_22_80",
      "provider": "provider.aws",
      "instances": [
        {
          "schema_version": 1,
          "attributes": {
            "arn": "arn:aws:ec2:us-east-1:447895454160:security-group/sg-0faba6ca7a1bc70a0",
            "description": "Managed by Terraform",
            "egress": [
              {
                "cidr_blocks": [
                  "0.0.0.0/0"
                ],
                "description": "",
                "from_port": 0,
                "ipv6_cidr_blocks": [],
                "prefix_list_ids": [],
                "protocol": "-1",
                "security_groups": [],
                "self": false,
                "to_port": 0
              }
            ],
            "id": "sg-0faba6ca7a1bc70a0",
            "ingress": [
              {
                "cidr_blocks": [
                  "0.0.0.0/0"
                ],
                "description": "",
                "from_port": 22,
                "ipv6_cidr_blocks": [],
                "prefix_list_ids": [],
                "protocol": "tcp",
                "security_groups": [],
                "self": false,
                "to_port": 22
              },
              {
                "cidr_blocks": [
                  "0.0.0.0/0"
                ],
                "description": "",
                "from_port": 80,
                "ipv6_cidr_blocks": [],
                "prefix_list_ids": [],
                "protocol": "tcp",
                "security_groups": [],
                "self": false,
                "to_port": 80
              }
            ],
            "name": "sgp_2280",
            "name_prefix": null,
            "owner_id": "447895454160",
            "revoke_rules_on_delete": false,
            "tags": null,
            "timeouts": null,
            "vpc_id": "vpc-ebc56291"
          },
          "private": "eyJlMmJmYjczMC1lY2FhLTExZTYtOGY4OC0zNDM2M2JjN2M0YzAiOnsiY3JlYXRlIjo2MDAwMDAwMDAwMDAsImRlbGV0ZSI6NjAwMDAwMDAwMDAwfSwic2NoZW1hX3ZlcnNpb24iOiIxIn0="
        }
      ]
    },
    {
      "module": "module.my_ec2",
      "mode": "managed",
      "type": "local_file",
      "name": "public_ip_file",
      "provider": "provider.local",
      "instances": [
        {
          "schema_version": 0,
          "attributes": {
            "content": "3.83.178.55",
            "content_base64": null,
            "directory_permission": "0777",
            "file_permission": "0777",
            "filename": "/opt/automation/ansible/invent",
            "id": "dbbe82e097dca799dd5de597873131d94abcc906",
            "sensitive_content": null
          },
          "private": "bnVsbA==",
          "depends_on": [
            "data.template_file.public_ip"
          ]
        }
      ]
    }
  ]
}
